
Microsoft Visual Studio Solution File, Format Version 12.00
# Visual Studio 15
VisualStudioVersion = 15.0.27130.2027
MinimumVisualStudioVersion = 10.0.40219.1
Project("{FAE04EC0-301F-11D3-BF4B-00C04F79EFBC}") = "Client", "Client\Source\Client.csproj", "{EE778185-FDC1-401F-80ED-5FCA6166DD4D}"
EndProject
Project("{FAE04EC0-301F-11D3-BF4B-00C04F79EFBC}") = "Server", "Server\Server.csproj", "{91DAC5B9-03E6-45DA-A0FD-AAA805ED131D}"
EndProject
Project("{FAE04EC0-301F-11D3-BF4B-00C04F79EFBC}") = "Connections", "Common\Connections\Connections.csproj", "{38CB6BED-E751-42FE-A847-C0DDD482AC62}"
EndProject
Project("{FAE04EC0-301F-11D3-BF4B-00C04F79EFBC}") = "ConnectionsTests", "Common\ConnectionsTests\ConnectionsTests.csproj", "{6BBCC7BA-8ACE-4705-A140-CBCBED250115}"
EndProject
Project("{2150E333-8FDC-42A3-9474-1A3956D46DE8}") = "Tests", "Tests", "{D4F1EE17-C08D-4E77-8804-102651640DFB}"
EndProject
Project("{2150E333-8FDC-42A3-9474-1A3956D46DE8}") = "Modules", "Modules", "{25425468-EE4B-48F3-866C-4498EEDA5417}"
EndProject
Project("{FAE04EC0-301F-11D3-BF4B-00C04F79EFBC}") = "UserManagement", "Common\UserManagement\UserManagement.csproj", "{4E8C099F-DCAB-418A-A2FE-2705A7065EC3}"
EndProject
Project("{FAE04EC0-301F-11D3-BF4B-00C04F79EFBC}") = "UserManagementTests", "Common\UserManagementTests\UserManagementTests.csproj", "{E411EDBD-DDB9-432F-B581-B400C7C2781B}"
EndProject
Project("{FAE04EC0-301F-11D3-BF4B-00C04F79EFBC}") = "Authentication", "Common\Authentication\Authentication.csproj", "{E983D5C7-A573-44E4-A8BB-D5A9D78EA538}"
EndProject
Project("{FAE04EC0-301F-11D3-BF4B-00C04F79EFBC}") = "Utils", "Common\Utils\Utils.csproj", "{B6FF1583-C75A-42C1-9B75-2B16215A0CF7}"
EndProject
Global
	GlobalSection(SolutionConfigurationPlatforms) = preSolution
		Debug|Any CPU = Debug|Any CPU
		Release|Any CPU = Release|Any CPU
		TravisCI|Any CPU = TravisCI|Any CPU
	EndGlobalSection
	GlobalSection(ProjectConfigurationPlatforms) = postSolution
		{EE778185-FDC1-401F-80ED-5FCA6166DD4D}.Debug|Any CPU.ActiveCfg = Debug|Any CPU
		{EE778185-FDC1-401F-80ED-5FCA6166DD4D}.Debug|Any CPU.Build.0 = Debug|Any CPU
		{EE778185-FDC1-401F-80ED-5FCA6166DD4D}.Release|Any CPU.ActiveCfg = Release|Any CPU
		{EE778185-FDC1-401F-80ED-5FCA6166DD4D}.Release|Any CPU.Build.0 = Release|Any CPU
		{EE778185-FDC1-401F-80ED-5FCA6166DD4D}.TravisCI|Any CPU.ActiveCfg = Debug|Any CPU
		{91DAC5B9-03E6-45DA-A0FD-AAA805ED131D}.Debug|Any CPU.ActiveCfg = Debug|Any CPU
		{91DAC5B9-03E6-45DA-A0FD-AAA805ED131D}.Debug|Any CPU.Build.0 = Debug|Any CPU
		{91DAC5B9-03E6-45DA-A0FD-AAA805ED131D}.Release|Any CPU.ActiveCfg = Release|Any CPU
		{91DAC5B9-03E6-45DA-A0FD-AAA805ED131D}.Release|Any CPU.Build.0 = Release|Any CPU
		{91DAC5B9-03E6-45DA-A0FD-AAA805ED131D}.TravisCI|Any CPU.ActiveCfg = Debug|Any CPU
		{91DAC5B9-03E6-45DA-A0FD-AAA805ED131D}.TravisCI|Any CPU.Build.0 = Debug|Any CPU
		{38CB6BED-E751-42FE-A847-C0DDD482AC62}.Debug|Any CPU.ActiveCfg = Debug|Any CPU
		{38CB6BED-E751-42FE-A847-C0DDD482AC62}.Debug|Any CPU.Build.0 = Debug|Any CPU
		{38CB6BED-E751-42FE-A847-C0DDD482AC62}.Release|Any CPU.ActiveCfg = Release|Any CPU
		{38CB6BED-E751-42FE-A847-C0DDD482AC62}.Release|Any CPU.Build.0 = Release|Any CPU
		{38CB6BED-E751-42FE-A847-C0DDD482AC62}.TravisCI|Any CPU.ActiveCfg = Debug|Any CPU
		{38CB6BED-E751-42FE-A847-C0DDD482AC62}.TravisCI|Any CPU.Build.0 = Debug|Any CPU
		{6BBCC7BA-8ACE-4705-A140-CBCBED250115}.Debug|Any CPU.ActiveCfg = Debug|Any CPU
		{6BBCC7BA-8ACE-4705-A140-CBCBED250115}.Release|Any CPU.ActiveCfg = Release|Any CPU
		{6BBCC7BA-8ACE-4705-A140-CBCBED250115}.TravisCI|Any CPU.ActiveCfg = Debug|Any CPU
		{4E8C099F-DCAB-418A-A2FE-2705A7065EC3}.Debug|Any CPU.ActiveCfg = Debug|Any CPU
		{4E8C099F-DCAB-418A-A2FE-2705A7065EC3}.Debug|Any CPU.Build.0 = Debug|Any CPU
		{4E8C099F-DCAB-418A-A2FE-2705A7065EC3}.Release|Any CPU.ActiveCfg = Release|Any CPU
		{4E8C099F-DCAB-418A-A2FE-2705A7065EC3}.Release|Any CPU.Build.0 = Release|Any CPU
		{4E8C099F-DCAB-418A-A2FE-2705A7065EC3}.TravisCI|Any CPU.ActiveCfg = Debug|Any CPU
		{4E8C099F-DCAB-418A-A2FE-2705A7065EC3}.TravisCI|Any CPU.Build.0 = Debug|Any CPU
		{E411EDBD-DDB9-432F-B581-B400C7C2781B}.Debug|Any CPU.ActiveCfg = Debug|Any CPU
		{E411EDBD-DDB9-432F-B581-B400C7C2781B}.Release|Any CPU.ActiveCfg = Release|Any CPU
		{E411EDBD-DDB9-432F-B581-B400C7C2781B}.TravisCI|Any CPU.ActiveCfg = Debug|Any CPU
		{E983D5C7-A573-44E4-A8BB-D5A9D78EA538}.Debug|Any CPU.ActiveCfg = Debug|Any CPU
		{E983D5C7-A573-44E4-A8BB-D5A9D78EA538}.Debug|Any CPU.Build.0 = Debug|Any CPU
		{E983D5C7-A573-44E4-A8BB-D5A9D78EA538}.Release|Any CPU.ActiveCfg = Release|Any CPU
		{E983D5C7-A573-44E4-A8BB-D5A9D78EA538}.Release|Any CPU.Build.0 = Release|Any CPU
		{E983D5C7-A573-44E4-A8BB-D5A9D78EA538}.TravisCI|Any CPU.ActiveCfg = Debug|Any CPU
		{E983D5C7-A573-44E4-A8BB-D5A9D78EA538}.TravisCI|Any CPU.Build.0 = Debug|Any CPU
		{B6FF1583-C75A-42C1-9B75-2B16215A0CF7}.Debug|Any CPU.ActiveCfg = Debug|Any CPU
		{B6FF1583-C75A-42C1-9B75-2B16215A0CF7}.Debug|Any CPU.Build.0 = Debug|Any CPU
		{B6FF1583-C75A-42C1-9B75-2B16215A0CF7}.Release|Any CPU.ActiveCfg = Release|Any CPU
		{B6FF1583-C75A-42C1-9B75-2B16215A0CF7}.Release|Any CPU.Build.0 = Release|Any CPU
		{B6FF1583-C75A-42C1-9B75-2B16215A0CF7}.TravisCI|Any CPU.ActiveCfg = Debug|Any CPU
		{B6FF1583-C75A-42C1-9B75-2B16215A0CF7}.TravisCI|Any CPU.Build.0 = Debug|Any CPU
	EndGlobalSection
	GlobalSection(SolutionProperties) = preSolution
		HideSolutionNode = FALSE
	EndGlobalSection
	GlobalSection(NestedProjects) = preSolution
		{38CB6BED-E751-42FE-A847-C0DDD482AC62} = {25425468-EE4B-48F3-866C-4498EEDA5417}
		{6BBCC7BA-8ACE-4705-A140-CBCBED250115} = {D4F1EE17-C08D-4E77-8804-102651640DFB}
		{4E8C099F-DCAB-418A-A2FE-2705A7065EC3} = {25425468-EE4B-48F3-866C-4498EEDA5417}
		{E411EDBD-DDB9-432F-B581-B400C7C2781B} = {D4F1EE17-C08D-4E77-8804-102651640DFB}
		{E983D5C7-A573-44E4-A8BB-D5A9D78EA538} = {25425468-EE4B-48F3-866C-4498EEDA5417}
	EndGlobalSection
	GlobalSection(ExtensibilityGlobals) = postSolution
		SolutionGuid = {5754AA9C-707A-4C66-8A4D-AEF82F282F77}
	EndGlobalSection
EndGlobal
